
Microsoft Visual Studio Solution File, Format Version 12.00
# Visual Studio Version 17
VisualStudioVersion = 17.2.32616.157
MinimumVisualStudioVersion = 10.0.40219.1
Project("{FAE04EC0-301F-11D3-BF4B-00C04F79EFBC}") = "Ch_08", "Ch_08\Ch_08.csproj", "{30F9C8A0-3362-43CC-AB59-CEB904C2F552}"
EndProject
Global
	GlobalSection(SolutionConfigurationPlatforms) = preSolution
		Debug|Any CPU = Debug|Any CPU
		Release|Any CPU = Release|Any CPU
	EndGlobalSection
	GlobalSection(ProjectConfigurationPlatforms) = postSolution
		{30F9C8A0-3362-43CC-AB59-CEB904C2F552}.Debug|Any CPU.ActiveCfg = Debug|Any CPU
		{30F9C8A0-3362-43CC-AB59-CEB904C2F552}.Debug|Any CPU.Build.0 = Debug|Any CPU
		{30F9C8A0-3362-43CC-AB59-CEB904C2F552}.Release|Any CPU.ActiveCfg = Release|Any CPU
		{30F9C8A0-3362-43CC-AB59-CEB904C2F552}.Release|Any CPU.Build.0 = Release|Any CPU
	EndGlobalSection
	GlobalSection(SolutionProperties) = preSolution
		HideSolutionNode = FALSE
	EndGlobalSection
	GlobalSection(ExtensibilityGlobals) = postSolution
		SolutionGuid = {53F8AEB8-9B57-4306-9EFC-0CA49D3EE035}
	EndGlobalSection
EndGlobal
